
Microsoft Visual Studio Solution File, Format Version 12.00
# Visual Studio Version 16
VisualStudioVersion = 16.0.29209.62
MinimumVisualStudioVersion = 10.0.40219.1
Project("{FAE04EC0-301F-11D3-BF4B-00C04F79EFBC}") = "Kentico.Recombee.Admin", "Kentico.Recombee.Admin\Kentico.Recombee.Admin.csproj", "{FF5D523A-8B1D-4DD7-8228-B029511061C9}"
EndProject
Project("{FAE04EC0-301F-11D3-BF4B-00C04F79EFBC}") = "Kentico.Recombee.MVC", "Kentico.Recombee.MVC\Kentico.Recombee.MVC.csproj", "{FE6D6A9B-5273-4083-94D9-1CD2FD1E902E}"
EndProject
Project("{2150E333-8FDC-42A3-9474-1A3956D46DE8}") = "GitHubFiles", "GitHubFiles", "{FFB7ED53-CB3F-47E5-804F-01B49D93F4C0}"
	ProjectSection(SolutionItems) = preProject
		CODE_OF_CONDUCT.md = CODE_OF_CONDUCT.md
		CONTRIBUTING.md = CONTRIBUTING.md
		README.md = README.md
	EndProjectSection
EndProject
Project("{FAE04EC0-301F-11D3-BF4B-00C04F79EFBC}") = "Kentico.Recombee.Admin.Tests", "Kentico.Recombee.Admin.Tests\Kentico.Recombee.Admin.Tests.csproj", "{C914BB5E-093E-4BF5-B6F5-44E3E0D42CBC}"
EndProject
Global
	GlobalSection(SolutionConfigurationPlatforms) = preSolution
		Debug|Any CPU = Debug|Any CPU
		Release|Any CPU = Release|Any CPU
	EndGlobalSection
	GlobalSection(ProjectConfigurationPlatforms) = postSolution
		{FF5D523A-8B1D-4DD7-8228-B029511061C9}.Debug|Any CPU.ActiveCfg = Debug|Any CPU
		{FF5D523A-8B1D-4DD7-8228-B029511061C9}.Debug|Any CPU.Build.0 = Debug|Any CPU
		{FF5D523A-8B1D-4DD7-8228-B029511061C9}.Release|Any CPU.ActiveCfg = Release|Any CPU
		{FF5D523A-8B1D-4DD7-8228-B029511061C9}.Release|Any CPU.Build.0 = Release|Any CPU
		{FE6D6A9B-5273-4083-94D9-1CD2FD1E902E}.Debug|Any CPU.ActiveCfg = Debug|Any CPU
		{FE6D6A9B-5273-4083-94D9-1CD2FD1E902E}.Debug|Any CPU.Build.0 = Debug|Any CPU
		{FE6D6A9B-5273-4083-94D9-1CD2FD1E902E}.Release|Any CPU.ActiveCfg = Release|Any CPU
		{FE6D6A9B-5273-4083-94D9-1CD2FD1E902E}.Release|Any CPU.Build.0 = Release|Any CPU
		{C914BB5E-093E-4BF5-B6F5-44E3E0D42CBC}.Debug|Any CPU.ActiveCfg = Debug|Any CPU
		{C914BB5E-093E-4BF5-B6F5-44E3E0D42CBC}.Debug|Any CPU.Build.0 = Debug|Any CPU
		{C914BB5E-093E-4BF5-B6F5-44E3E0D42CBC}.Release|Any CPU.ActiveCfg = Release|Any CPU
		{C914BB5E-093E-4BF5-B6F5-44E3E0D42CBC}.Release|Any CPU.Build.0 = Release|Any CPU
	EndGlobalSection
	GlobalSection(SolutionProperties) = preSolution
		HideSolutionNode = FALSE
	EndGlobalSection
	GlobalSection(ExtensibilityGlobals) = postSolution
		SolutionGuid = {12D2473B-2D8D-446D-A89B-708FD800DD1A}
	EndGlobalSection
EndGlobal
